<?xml version="1.0" encoding="utf-8"?>
<Project ToolsVersion="4.0" xmlns="http://schemas.microsoft.com/developer/msbuild/2003">
  <ItemGroup>
    <Filter Include="Source Files">
      <UniqueIdentifier>{4FC737F1-C7A5-4376-A066-2A32D752A2FF}</UniqueIdentifier>
    </Filter>
    <Filter Include="Header Files">
      <UniqueIdentifier>{93995380-89BD-4B04-88EB-625FBE52EBFB}</UniqueIdentifier>
    </Filter>
    <Filter Include="Resource Files">
      <UniqueIdentifier>{67DA6AB6-F800-4c08-8B7A-83BB121AAD01}</UniqueIdentifier>
    </Filter>
    <Filter Include="Assets">
      <UniqueIdentifier>{bfcd0c17-6a1f-4c0b-9b89-8e0a61c2b3a0}</UniqueIdentifier>
    </Filter>
    <Filter Include="XAML Files">
      <UniqueIdentifier>{9b6d60d2-5e33-4e47-8bc1-8a7ce4b4f9e1}</UniqueIdentifier>
    </Filter>
  </ItemGroup>
  <ItemGroup>
    <ClCompile Include="pch.cpp"><Filter>Source Files</Filter></ClCompile>
    <ClCompile Include="main.cpp"><Filter>Source Files</Filter></ClCompile>
    <ClCompile Include="DownloadManager.cpp"><Filter>Source Files</Filter></ClCompile>
    <ClCompile Include="SearchEngine.cpp"><Filter>Source Files</Filter></ClCompile>
    <ClCompile Include="App.xaml.cpp"><Filter>Source Files</Filter></ClCompile>
    <ClCompile Include="MainWindow.xaml.cpp"><Filter>Source Files</Filter></ClCompile>
    <ClCompile Include="AboutPage.xaml.cpp"><Filter>Source Files</Filter></ClCompile>
    <ClCompile Include="SearchPage.xaml.cpp"><Filter>Source Files</Filter></ClCompile>
    <ClCompile Include="DownloadsPage.xaml.cpp"><Filter>Source Files</Filter></ClCompile>
  </ItemGroup>
  <ItemGroup>
    <ClInclude Include="pch.h"><Filter>Header Files</Filter></ClInclude>
    <ClInclude Include="Helpers.h"><Filter>Header Files</Filter></ClInclude>
    <ClInclude Include="Models.h"><Filter>Header Files</Filter></ClInclude>
    <ClInclude Include="DownloadManager.h"><Filter>Header Files</Filter></ClInclude>
    <ClInclude Include="SearchEngine.h"><Filter>Header Files</Filter></ClInclude>
    <ClInclude Include="App.xaml.h"><Filter>Header Files</Filter></ClInclude>
    <ClInclude Include="MainWindow.xaml.h"><Filter>Header Files</Filter></ClInclude>
    <ClInclude Include="AboutPage.xaml.h"><Filter>Header Files</Filter></ClInclude>
    <ClInclude Include="SearchPage.xaml.h"><Filter>Header Files</Filter></ClInclude>
    <ClInclude Include="DownloadsPage.xaml.h"><Filter>Header Files</Filter></ClInclude>
  </ItemGroup>
  <ItemGroup>
    <ApplicationDefinition Include="App.xaml"><Filter>XAML Files</Filter></ApplicationDefinition>
    <Page Include="MainWindow.xaml"><Filter>XAML Files</Filter></Page>
    <Page Include="AboutPage.xaml"><Filter>XAML Files</Filter></Page>
    <Page Include="SearchPage.xaml"><Filter>XAML Files</Filter></Page>
    <Page Include="DownloadsPage.xaml"><Filter>XAML Files</Filter></Page>
  </ItemGroup>
  <ItemGroup>
    <Midl Include="App.idl"><Filter>Source Files</Filter></Midl>
    <Midl Include="MainWindow.idl"><Filter>Source Files</Filter></Midl>
    <Midl Include="AboutPage.idl"><Filter>Source Files</Filter></Midl>
    <Midl Include="SearchPage.idl"><Filter>Source Files</Filter></Midl>
    <Midl Include="DownloadsPage.idl"><Filter>Source Files</Filter></Midl>
  </ItemGroup>
  <ItemGroup>
    <AppxManifest Include="Package.appxmanifest"><Filter>Resource Files</Filter></AppxManifest>
    <ApplicationManifest Include="app.manifest"><Filter>Resource Files</Filter></ApplicationManifest>
  </ItemGroup>
  <ItemGroup>
    <Image Include="Assets\SplashScreen.png"><Filter>Assets</Filter></Image>
    <Image Include="Assets\Square150x150Logo.png"><Filter>Assets</Filter></Image>
    <Image Include="Assets\Square44x44Logo.png"><Filter>Assets</Filter></Image>
    <Image Include="Assets\StoreLogo.png"><Filter>Assets</Filter></Image>
  </ItemGroup>
  <ItemGroup>
    <None Include="packages.config" />
  </ItemGroup>
</Project>
